Microsoft Visual Studio Solution File, Format Version 12.00
# Visual Studio Version 17
VisualStudioVersion = 17.5.2.0
MinimumVisualStudioVersion = 10.0.40219.1
Project("{FAE04EC0-301F-11D3-BF4B-00C04F79EFBC}") = "meuConsoleApp1", "meuConsoleApp1.csproj", "{7F14A245-019A-C7E8-87B6-50936B22BF40}"
EndProject
Global
	GlobalSection(SolutionConfigurationPlatforms) = preSolution
		Debug|Any CPU = Debug|Any CPU
		Release|Any CPU = Release|Any CPU
	EndGlobalSection
	GlobalSection(ProjectConfigurationPlatforms) = postSolution
		{7F14A245-019A-C7E8-87B6-50936B22BF40}.Debug|Any CPU.ActiveCfg = Debug|Any CPU
		{7F14A245-019A-C7E8-87B6-50936B22BF40}.Debug|Any CPU.Build.0 = Debug|Any CPU
		{7F14A245-019A-C7E8-87B6-50936B22BF40}.Release|Any CPU.ActiveCfg = Release|Any CPU
		{7F14A245-019A-C7E8-87B6-50936B22BF40}.Release|Any CPU.Build.0 = Release|Any CPU
	EndGlobalSection
	GlobalSection(SolutionProperties) = preSolution
		HideSolutionNode = FALSE
	EndGlobalSection
	GlobalSection(ExtensibilityGlobals) = postSolution
		SolutionGuid = {EE743CF5-7DEC-46CF-A855-8555E79BE1A5}
	EndGlobalSection
EndGlobal
